
Microsoft Visual Studio Solution File, Format Version 12.00
# Visual Studio Version 17
VisualStudioVersion = 17.13.35931.197
MinimumVisualStudioVersion = 10.0.40219.1
Project("{FAE04EC0-301F-11D3-BF4B-00C04F79EFBC}") = "FarsiType.Net", "FarsiType.Net\FarsiType.Net.csproj", "{3EA6A1F2-AF18-47D8-BBFD-95E5D25F89C3}"
EndProject
Project("{FAE04EC0-301F-11D3-BF4B-00C04F79EFBC}") = "FarsiTypeTest", "examples\FarsiTypeTest\FarsiTypeTest.csproj", "{EB90BA3D-821B-4460-A757-EF80CD930110}"
EndProject
Global
	GlobalSection(SolutionConfigurationPlatforms) = preSolution
		Debug|Any CPU = Debug|Any CPU
		Release|Any CPU = Release|Any CPU
	EndGlobalSection
	GlobalSection(ProjectConfigurationPlatforms) = postSolution
		{3EA6A1F2-AF18-47D8-BBFD-95E5D25F89C3}.Debug|Any CPU.ActiveCfg = Debug|Any CPU
		{3EA6A1F2-AF18-47D8-BBFD-95E5D25F89C3}.Debug|Any CPU.Build.0 = Debug|Any CPU
		{3EA6A1F2-AF18-47D8-BBFD-95E5D25F89C3}.Release|Any CPU.ActiveCfg = Release|Any CPU
		{3EA6A1F2-AF18-47D8-BBFD-95E5D25F89C3}.Release|Any CPU.Build.0 = Release|Any CPU
		{EB90BA3D-821B-4460-A757-EF80CD930110}.Debug|Any CPU.ActiveCfg = Debug|Any CPU
		{EB90BA3D-821B-4460-A757-EF80CD930110}.Debug|Any CPU.Build.0 = Debug|Any CPU
		{EB90BA3D-821B-4460-A757-EF80CD930110}.Release|Any CPU.ActiveCfg = Release|Any CPU
		{EB90BA3D-821B-4460-A757-EF80CD930110}.Release|Any CPU.Build.0 = Release|Any CPU
	EndGlobalSection
	GlobalSection(SolutionProperties) = preSolution
		HideSolutionNode = FALSE
	EndGlobalSection
	GlobalSection(ExtensibilityGlobals) = postSolution
		SolutionGuid = {6316EABF-551F-47F7-ABB9-32598B5FA4C6}
	EndGlobalSection
EndGlobal
